
Microsoft Visual Studio Solution File, Format Version 12.00
# Visual Studio 15
VisualStudioVersion = 15.0.28307.1022
MinimumVisualStudioVersion = 10.0.40219.1
Project("{FAE04EC0-301F-11D3-BF4B-00C04F79EFBC}") = "DevopsAsp", "DevopsAsp\DevopsAsp.csproj", "{AEC9F8BC-7B4D-4653-88ED-34C4D785D6D8}"
EndProject
Project("{FAE04EC0-301F-11D3-BF4B-00C04F79EFBC}") = "DevopsAsp.Tests", "DevopsAsp.Tests\DevopsAsp.Tests.csproj", "{BFCDD55C-DC14-4676-82AD-D47C39208F51}"
EndProject
Global
	GlobalSection(SolutionConfigurationPlatforms) = preSolution
		Debug|Any CPU = Debug|Any CPU
		Release|Any CPU = Release|Any CPU
	EndGlobalSection
	GlobalSection(ProjectConfigurationPlatforms) = postSolution
		{AEC9F8BC-7B4D-4653-88ED-34C4D785D6D8}.Debug|Any CPU.ActiveCfg = Debug|Any CPU
		{AEC9F8BC-7B4D-4653-88ED-34C4D785D6D8}.Debug|Any CPU.Build.0 = Debug|Any CPU
		{AEC9F8BC-7B4D-4653-88ED-34C4D785D6D8}.Release|Any CPU.ActiveCfg = Release|Any CPU
		{AEC9F8BC-7B4D-4653-88ED-34C4D785D6D8}.Release|Any CPU.Build.0 = Release|Any CPU
		{BFCDD55C-DC14-4676-82AD-D47C39208F51}.Debug|Any CPU.ActiveCfg = Debug|Any CPU
		{BFCDD55C-DC14-4676-82AD-D47C39208F51}.Debug|Any CPU.Build.0 = Debug|Any CPU
		{BFCDD55C-DC14-4676-82AD-D47C39208F51}.Release|Any CPU.ActiveCfg = Release|Any CPU
		{BFCDD55C-DC14-4676-82AD-D47C39208F51}.Release|Any CPU.Build.0 = Release|Any CPU
	EndGlobalSection
	GlobalSection(SolutionProperties) = preSolution
		HideSolutionNode = FALSE
	EndGlobalSection
	GlobalSection(ExtensibilityGlobals) = postSolution
		SolutionGuid = {059646DE-1BB3-42F6-8640-B44E19DED787}
	EndGlobalSection
EndGlobal
